{
  "name": "hari-vishal-snacks-backend",
  "version": "1.0.0",
  "lockfileVersion": 3,
  "requires": true,
  "packages": {
    "": {
      "name": "hari-vishal-snacks-backend",
      "version": "1.0.0",
      "dependencies": {
        "hari-vishal-snacks": "file:.."
      }
    },
    "..": {
      "version": "1.0.0",
      "dependencies": {
        "@vitejs/plugin-react": "latest",
        "lucide-react": "latest",
        "react": "latest",
        "react-dom": "latest",
        "vite": "latest"
      },
      "devDependencies": {}
    },
    "node_modules/hari-vishal-snacks": {
      "resolved": "..",
      "link": true
    }
  }
}
